[root]
name = "rust-rosetta"
version = "0.0.1"
dependencies = [
 "num 0.0.5 (git+https://github.com/rust-lang/num)",
 "time 0.1.0 (git+https://github.com/rust-lang/time)",
]

[[package]]
name = "gcc"
version = "0.1.0"
source = "git+https://github.com/alexcrichton/gcc-rs#96c9e44ce3dfccc47c16fcfd743a33b3b4205daf"

[[package]]
name = "num"
version = "0.0.5"
source = "git+https://github.com/rust-lang/num#16787045e5f9764626a3d5cfbee4655e06efaccf"

[[package]]
name = "time"
version = "0.1.0"
source = "git+https://github.com/rust-lang/time#afab521f3b91658a3ba2d3e877b7e01699733bef"
dependencies = [
 "gcc 0.1.0 (git+https://github.com/alexcrichton/gcc-rs)",
]

