[root]
name = "rust-rosetta"
version = "0.0.1"
dependencies = [
 "num 0.0.1 (git+https://github.com/rust-lang/num)",
 "time 0.0.1 (git+https://github.com/rust-lang/time)",
]

[[package]]
name = "gcc"
version = "0.0.1"
source = "git+https://github.com/alexcrichton/gcc-rs#f25b3ba9c40303781189cc137fb98fffe5b56de7"

[[package]]
name = "num"
version = "0.0.1"
source = "git+https://github.com/rust-lang/num#d9fee8b5853d32bb50d4a97e1fd22b27d58671e0"

[[package]]
name = "time"
version = "0.0.1"
source = "git+https://github.com/rust-lang/time#3194d911a136a7bfa3218cdd5bd3379537de4133"
dependencies = [
 "gcc 0.0.1 (git+https://github.com/alexcrichton/gcc-rs)",
]

