[root]
name = "rust-rosetta"
version = "0.0.1"
dependencies = [
 "num 0.1.0 (git+https://github.com/rust-lang/num)",
 "time 0.1.3 (git+https://github.com/rust-lang/time)",
]

[[package]]
name = "gcc"
version = "0.1.2"
source = "git+https://github.com/alexcrichton/gcc-rs#f7b47d923a78155f88d13c7030e61445d46b3245"

[[package]]
name = "num"
version = "0.1.0"
source = "git+https://github.com/rust-lang/num#146410c9186aa8fe338d2fbbbedc668f259b22d8"

[[package]]
name = "time"
version = "0.1.3"
source = "git+https://github.com/rust-lang/time#914a48401168169ccd1a822c2d32d87965306141"
dependencies = [
 "gcc 0.1.2 (git+https://github.com/alexcrichton/gcc-rs)",
]

